
Microsoft Visual Studio Solution File, Format Version 12.00
# Visual Studio Version 17
VisualStudioVersion = 17.7.34202.233
MinimumVisualStudioVersion = 10.0.40219.1
Project("{FAE04EC0-301F-11D3-BF4B-00C04F79EFBC}") = "ReelTalk.Api", "ReelTalk.Api.csproj", "{2CCFC8F4-DE09-454B-A82F-F26982B3B32D}"
EndProject
Global
	GlobalSection(SolutionConfigurationPlatforms) = preSolution
		Debug|Any CPU = Debug|Any CPU
		Release|Any CPU = Release|Any CPU
	EndGlobalSection
	GlobalSection(ProjectConfigurationPlatforms) = postSolution
		{2CCFC8F4-DE09-454B-A82F-F26982B3B32D}.Debug|Any CPU.ActiveCfg = Debug|Any CPU
		{2CCFC8F4-DE09-454B-A82F-F26982B3B32D}.Debug|Any CPU.Build.0 = Debug|Any CPU
		{2CCFC8F4-DE09-454B-A82F-F26982B3B32D}.Release|Any CPU.ActiveCfg = Release|Any CPU
		{2CCFC8F4-DE09-454B-A82F-F26982B3B32D}.Release|Any CPU.Build.0 = Release|Any CPU
	EndGlobalSection
	GlobalSection(SolutionProperties) = preSolution
		HideSolutionNode = FALSE
	EndGlobalSection
	GlobalSection(ExtensibilityGlobals) = postSolution
		SolutionGuid = {DFD21AD5-E4A7-445B-8532-D4E5240793D0}
	EndGlobalSection
EndGlobal
